
Microsoft Visual Studio Solution File, Format Version 12.00
# Visual Studio Version 17
VisualStudioVersion = 17.13.35919.96 d17.13
MinimumVisualStudioVersion = 10.0.40219.1
Project("{FAE04EC0-301F-11D3-BF4B-00C04F79EFBC}") = "lista6", "lista6\lista6.csproj", "{97CB4E20-46E2-4FE8-9567-F033C35DAB4E}"
EndProject
Global
	GlobalSection(SolutionConfigurationPlatforms) = preSolution
		Debug|Any CPU = Debug|Any CPU
		Release|Any CPU = Release|Any CPU
	EndGlobalSection
	GlobalSection(ProjectConfigurationPlatforms) = postSolution
		{97CB4E20-46E2-4FE8-9567-F033C35DAB4E}.Debug|Any CPU.ActiveCfg = Debug|Any CPU
		{97CB4E20-46E2-4FE8-9567-F033C35DAB4E}.Debug|Any CPU.Build.0 = Debug|Any CPU
		{97CB4E20-46E2-4FE8-9567-F033C35DAB4E}.Release|Any CPU.ActiveCfg = Release|Any CPU
		{97CB4E20-46E2-4FE8-9567-F033C35DAB4E}.Release|Any CPU.Build.0 = Release|Any CPU
	EndGlobalSection
	GlobalSection(SolutionProperties) = preSolution
		HideSolutionNode = FALSE
	EndGlobalSection
	GlobalSection(ExtensibilityGlobals) = postSolution
		SolutionGuid = {021EEB12-F533-4E62-8A8F-030111155C52}
	EndGlobalSection
EndGlobal
