
Microsoft Visual Studio Solution File, Format Version 12.00
# Visual Studio Version 17
VisualStudioVersion = 17.11.35327.3
MinimumVisualStudioVersion = 10.0.40219.1
Project("{FAE04EC0-301F-11D3-BF4B-00C04F79EFBC}") = "WebApplication1", "WebApplication1\WebApplication1.csproj", "{C96B6DD6-009F-4BB2-B007-400D3E26A548}"
EndProject
Global
	GlobalSection(SolutionConfigurationPlatforms) = preSolution
		Debug|Any CPU = Debug|Any CPU
		Release|Any CPU = Release|Any CPU
	EndGlobalSection
	GlobalSection(ProjectConfigurationPlatforms) = postSolution
		{C96B6DD6-009F-4BB2-B007-400D3E26A548}.Debug|Any CPU.ActiveCfg = Debug|Any CPU
		{C96B6DD6-009F-4BB2-B007-400D3E26A548}.Debug|Any CPU.Build.0 = Debug|Any CPU
		{C96B6DD6-009F-4BB2-B007-400D3E26A548}.Release|Any CPU.ActiveCfg = Release|Any CPU
		{C96B6DD6-009F-4BB2-B007-400D3E26A548}.Release|Any CPU.Build.0 = Release|Any CPU
	EndGlobalSection
	GlobalSection(SolutionProperties) = preSolution
		HideSolutionNode = FALSE
	EndGlobalSection
	GlobalSection(ExtensibilityGlobals) = postSolution
		SolutionGuid = {0B338A50-4124-4F19-91E5-100ADC968D6A}
	EndGlobalSection
EndGlobal
