
Microsoft Visual Studio Solution File, Format Version 12.00
# Visual Studio Version 17
VisualStudioVersion = 17.13.35919.96 d17.13
MinimumVisualStudioVersion = 10.0.40219.1
Project("{FAE04EC0-301F-11D3-BF4B-00C04F79EFBC}") = "lista9", "lista9\lista9.csproj", "{8EA0126B-696F-4DB2-B3B7-24B5C65401A6}"
EndProject
Global
	GlobalSection(SolutionConfigurationPlatforms) = preSolution
		Debug|Any CPU = Debug|Any CPU
		Release|Any CPU = Release|Any CPU
	EndGlobalSection
	GlobalSection(ProjectConfigurationPlatforms) = postSolution
		{8EA0126B-696F-4DB2-B3B7-24B5C65401A6}.Debug|Any CPU.ActiveCfg = Debug|Any CPU
		{8EA0126B-696F-4DB2-B3B7-24B5C65401A6}.Debug|Any CPU.Build.0 = Debug|Any CPU
		{8EA0126B-696F-4DB2-B3B7-24B5C65401A6}.Release|Any CPU.ActiveCfg = Release|Any CPU
		{8EA0126B-696F-4DB2-B3B7-24B5C65401A6}.Release|Any CPU.Build.0 = Release|Any CPU
	EndGlobalSection
	GlobalSection(SolutionProperties) = preSolution
		HideSolutionNode = FALSE
	EndGlobalSection
	GlobalSection(ExtensibilityGlobals) = postSolution
		SolutionGuid = {CE862208-40E8-4599-A60E-000CC3F3757C}
	EndGlobalSection
EndGlobal
